
Microsoft Visual Studio Solution File, Format Version 12.00
# Visual Studio Version 16
VisualStudioVersion = 16.0.29009.5
MinimumVisualStudioVersion = 10.0.40219.1
Project("{FAE04EC0-301F-11D3-BF4B-00C04F79EFBC}") = "TicTacToe", "TicTacToe.csproj", "{0163E7E4-88FE-40F6-8669-35EE07FC178B}"
EndProject
Global
	GlobalSection(SolutionConfigurationPlatforms) = preSolution
		Debug|Any CPU = Debug|Any CPU
		Release|Any CPU = Release|Any CPU
	EndGlobalSection
	GlobalSection(ProjectConfigurationPlatforms) = postSolution
		{0163E7E4-88FE-40F6-8669-35EE07FC178B}.Debug|Any CPU.ActiveCfg = Debug|Any CPU
		{0163E7E4-88FE-40F6-8669-35EE07FC178B}.Debug|Any CPU.Build.0 = Debug|Any CPU
		{0163E7E4-88FE-40F6-8669-35EE07FC178B}.Release|Any CPU.ActiveCfg = Release|Any CPU
		{0163E7E4-88FE-40F6-8669-35EE07FC178B}.Release|Any CPU.Build.0 = Release|Any CPU
	EndGlobalSection
	GlobalSection(SolutionProperties) = preSolution
		HideSolutionNode = FALSE
	EndGlobalSection
	GlobalSection(ExtensibilityGlobals) = postSolution
		SolutionGuid = {E1DE29A1-FF2A-4473-B8E2-AC37DA5AF730}
	EndGlobalSection
EndGlobal
